{
    "_readme": [
        "This file locks the dependencies of your project to a known state",
        "Read more about it at https://getcomposer.org/doc/01-basic-usage.md#composer-lock-the-lock-file",
        "This file is @generated automatically"
    ],
    "hash": "136b315ba4ff2bb0359ae1b328ad8a86",
    "content-hash": "60c4baafcd9f57984d64ead49321fe36",
    "packages": [
        {
            "name": "altorouter/altorouter",
            "version": "v1.1.0",
            "source": {
                "type": "git",
                "url": "https://github.com/dannyvankooten/AltoRouter.git",
                "reference": "09d9d946c546bae6d22a7654cdb3b825ffda54b4"
            },
            "dist": {
                "type": "zip",
                "url": "https://api.github.com/repos/dannyvankooten/AltoRouter/zipball/09d9d946c546bae6d22a7654cdb3b825ffda54b4",
                "reference": "09d9d946c546bae6d22a7654cdb3b825ffda54b4",
                "shasum": ""
            },
            "require": {
                "php": ">=5.3.0"
            },
            "type": "library",
            "autoload": {
                "classmap": [
                    "AltoRouter.php"
                ]
            },
            "notification-url": "https://packagist.org/downloads/",
            "license": [
                "MIT"
            ],
            "authors": [
                {
                    "name": "Danny van Kooten",
                    "email": "dannyvankooten@gmail.com",
                    "homepage": "http://dannyvankooten.com/"
                },
                {
                    "name": "Koen Punt",
                    "homepage": "https://github.com/koenpunt"
                },
                {
                    "name": "niahoo",
                    "homepage": "https://github.com/niahoo"
                }
            ],
            "description": "A lightning fast router for PHP",
            "homepage": "https://github.com/dannyvankooten/AltoRouter",
            "keywords": [
                "lightweight",
                "router",
                "routing"
            ],
            "time": "2014-04-16 09:44:40"
        },
        {
            "name": "asm89/twig-cache-extension",
            "version": "1.2.0",
            "source": {
                "type": "git",
                "url": "https://github.com/asm89/twig-cache-extension.git",
                "reference": "76a801d6da8e1a1015af974d93df4ade0dda7267"
            },
            "dist": {
                "type": "zip",
                "url": "https://api.github.com/repos/asm89/twig-cache-extension/zipball/76a801d6da8e1a1015af974d93df4ade0dda7267",
                "reference": "76a801d6da8e1a1015af974d93df4ade0dda7267",
                "shasum": ""
            },
            "require": {
                "php": ">=5.3.2",
                "twig/twig": "~1.0"
            },
            "require-dev": {
                "doctrine/cache": "~1.0"
            },
            "type": "library",
            "extra": {
                "branch-alias": {
                    "dev-master": "1.1-dev"
                }
            },
            "autoload": {
                "psr-4": {
                    "": "lib/"
                }
            },
            "notification-url": "https://packagist.org/downloads/",
            "license": [
                "MIT"
            ],
            "authors": [
                {
                    "name": "Alexander",
                    "email": "iam.asm89@gmail.com"
                }
            ],
            "description": "Cache fragments of templates directly within Twig.",
            "homepage": "https://github.com/asm89/twig-cache-extension",
            "keywords": [
                "cache",
                "extension",
                "twig"
            ],
            "time": "2016-02-14 13:52:38"
        },
        {
            "name": "composer/installers",
            "version": "v1.0.19",
            "source": {
                "type": "git",
                "url": "https://github.com/composer/installers.git",
                "reference": "89d77bfbee79e16653f7162c86e602cc188471db"
            },
            "dist": {
                "type": "zip",
                "url": "https://api.github.com/repos/composer/installers/zipball/89d77bfbee79e16653f7162c86e602cc188471db",
                "reference": "89d77bfbee79e16653f7162c86e602cc188471db",
                "shasum": ""
            },
            "replace": {
                "roundcube/plugin-installer": "*",
                "shama/baton": "*"
            },
            "require-dev": {
                "composer/composer": "1.0.*@dev",
                "phpunit/phpunit": "4.1.*"
            },
            "type": "composer-installer",
            "extra": {
                "class": "Composer\\Installers\\Installer",
                "branch-alias": {
                    "dev-master": "1.0-dev"
                }
            },
            "autoload": {
                "psr-0": {
                    "Composer\\Installers\\": "src/"
                }
            },
            "notification-url": "https://packagist.org/downloads/",
            "license": [
                "MIT"
            ],
            "authors": [
                {
                    "name": "Kyle Robinson Young",
                    "email": "kyle@dontkry.com",
                    "homepage": "https://github.com/shama"
                }
            ],
            "description": "A multi-framework Composer library installer",
            "homepage": "http://composer.github.com/installers/",
            "keywords": [
                "Craft",
                "Dolibarr",
                "Hurad",
                "MODX Evo",
                "OXID",
                "Thelia",
                "WolfCMS",
                "agl",
                "annotatecms",
                "bitrix",
                "cakephp",
                "chef",
                "codeigniter",
                "concrete5",
                "croogo",
                "dokuwiki",
                "drupal",
                "elgg",
                "fuelphp",
                "grav",
                "installer",
                "joomla",
                "kohana",
                "laravel",
                "lithium",
                "magento",
                "mako",
                "mediawiki",
                "modulework",
                "moodle",
                "phpbb",
                "piwik",
                "ppi",
                "puppet",
                "roundcube",
                "shopware",
                "silverstripe",
                "symfony",
                "typo3",
                "wordpress",
                "zend",
                "zikula"
            ],
            "time": "2014-11-29 01:29:17"
        },
        {
            "name": "johnpbloch/wordpress",
            "version": "4.5.3",
            "source": {
                "type": "git",
                "url": "https://github.com/johnpbloch/wordpress.git",
                "reference": "f5c6f4dd899e6365ddf2752d2705ed1de7e10715"
            },
            "dist": {
                "type": "zip",
                "url": "https://api.github.com/repos/johnpbloch/wordpress/zipball/f5c6f4dd899e6365ddf2752d2705ed1de7e10715",
                "reference": "f5c6f4dd899e6365ddf2752d2705ed1de7e10715",
                "shasum": ""
            },
            "require": {
                "johnpbloch/wordpress-core-installer": "~0.2",
                "php": ">=5.3.2"
            },
            "type": "wordpress-core",
            "notification-url": "https://packagist.org/downloads/",
            "license": [
                "GPL-2.0+"
            ],
            "authors": [
                {
                    "name": "WordPress Community",
                    "homepage": "http://wordpress.org/about/"
                }
            ],
            "description": "WordPress is web software you can use to create a beautiful website or blog.",
            "homepage": "http://wordpress.org/",
            "keywords": [
                "blog",
                "cms"
            ],
            "time": "2016-06-21 16:31:21"
        },
        {
            "name": "johnpbloch/wordpress-core-installer",
            "version": "0.2.1",
            "source": {
                "type": "git",
                "url": "https://github.com/johnpbloch/wordpress-core-installer.git",
                "reference": "a04c2c383ef13aae077f36799ed2eafdebd618d2"
            },
            "dist": {
                "type": "zip",
                "url": "https://api.github.com/repos/johnpbloch/wordpress-core-installer/zipball/a04c2c383ef13aae077f36799ed2eafdebd618d2",
                "reference": "a04c2c383ef13aae077f36799ed2eafdebd618d2",
                "shasum": ""
            },
            "require": {
                "composer-plugin-api": "^1.0"
            },
            "conflict": {
                "composer/installers": "<1.0.6"
            },
            "require-dev": {
                "composer/composer": "1.0.*@dev"
            },
            "type": "composer-plugin",
            "extra": {
                "class": "johnpbloch\\Composer\\WordPressCorePlugin"
            },
            "autoload": {
                "psr-0": {
                    "johnpbloch\\Composer\\": "src/"
                }
            },
            "notification-url": "https://packagist.org/downloads/",
            "license": [
                "GPL-2.0+"
            ],
            "authors": [
                {
                    "name": "John P. Bloch",
                    "email": "me@johnpbloch.com"
                }
            ],
            "description": "A custom installer to handle deploying WordPress with composer",
            "keywords": [
                "wordpress"
            ],
            "time": "2015-06-11 15:15:30"
        },
        {
            "name": "koodimonni-language/core-nl_nl",
            "version": "4.5.2",
            "dist": {
                "type": "zip",
                "url": "https://downloads.wordpress.org/translation/core/4.5.2/nl_NL.zip",
                "reference": null,
                "shasum": null
            },
            "require": {
                "koodimonni/composer-dropin-installer": ">=0.2.3"
            },
            "type": "wordpress-language",
            "description": "Wordpress core translation for Dutch - nl_nl",
            "keywords": [
                "Translation",
                "Wordpress",
                "core",
                "nl_nl"
            ]
        },
        {
            "name": "koodimonni/composer-dropin-installer",
            "version": "1.0",
            "source": {
                "type": "git",
                "url": "https://github.com/Koodimonni/Composer-Dropin-Installer.git",
                "reference": "717d992bccb9e5b1fded44136333704d4e61a4ae"
            },
            "dist": {
                "type": "zip",
                "url": "https://api.github.com/repos/Koodimonni/Composer-Dropin-Installer/zipball/717d992bccb9e5b1fded44136333704d4e61a4ae",
                "reference": "717d992bccb9e5b1fded44136333704d4e61a4ae",
                "shasum": ""
            },
            "require": {
                "composer-plugin-api": "^1.0"
            },
            "require-dev": {
                "phpunit/phpunit": "3.7.*-dev"
            },
            "type": "composer-plugin",
            "extra": {
                "class": "Koodimonni\\Composer\\Dropin"
            },
            "autoload": {
                "psr-4": {
                    "Koodimonni\\Composer\\": "src"
                }
            },
            "notification-url": "https://packagist.org/downloads/",
            "license": [
                "WTFPL"
            ],
            "authors": [
                {
                    "name": "Onni Hakala",
                    "email": "onni@koodimonni.fi"
                }
            ],
            "description": "Do what the fuck you want with your composer packages aka. Composer Dropin installer. Install packages or part of packages into custom paths without overwriting existing stuff.",
            "time": "2015-06-11 14:15:20"
        },
        {
            "name": "oscarotero/env",
            "version": "v1.0.2",
            "source": {
                "type": "git",
                "url": "https://github.com/oscarotero/env.git",
                "reference": "0819fd764ca19ab880b8d9ed7a95ae4910f98f20"
            },
            "dist": {
                "type": "zip",
                "url": "https://api.github.com/repos/oscarotero/env/zipball/0819fd764ca19ab880b8d9ed7a95ae4910f98f20",
                "reference": "0819fd764ca19ab880b8d9ed7a95ae4910f98f20",
                "shasum": ""
            },
            "require": {
                "php": ">=5.2"
            },
            "type": "library",
            "autoload": {
                "psr-0": {
                    "Env": "src/"
                }
            },
            "notification-url": "https://packagist.org/downloads/",
            "license": [
                "MIT"
            ],
            "authors": [
                {
                    "name": "Oscar Otero",
                    "email": "oom@oscarotero.com",
                    "homepage": "http://oscarotero.com",
                    "role": "Developer"
                }
            ],
            "description": "Simple library to consume environment variables",
            "homepage": "https://github.com/oscarotero/env",
            "keywords": [
                "env"
            ],
            "time": "2016-05-08 17:14:32"
        },
        {
            "name": "roots/wp-password-bcrypt",
            "version": "1.0.0",
            "source": {
                "type": "git",
                "url": "https://github.com/roots/wp-password-bcrypt.git",
                "reference": "5cecd2e98ccc3193443cc5c5db9b3bc7abed5ffa"
            },
            "dist": {
                "type": "zip",
                "url": "https://api.github.com/repos/roots/wp-password-bcrypt/zipball/5cecd2e98ccc3193443cc5c5db9b3bc7abed5ffa",
                "reference": "5cecd2e98ccc3193443cc5c5db9b3bc7abed5ffa",
                "shasum": ""
            },
            "require": {
                "composer/installers": "~1.0",
                "php": ">=5.5.0"
            },
            "require-dev": {
                "brain/monkey": "^1.3.1",
                "mockery/mockery": "^0.9.4",
                "phpunit/phpunit": "^4.8.23|^5.2.9",
                "squizlabs/php_codesniffer": "^2.5.1"
            },
            "type": "library",
            "autoload": {
                "files": [
                    "wp-password-bcrypt.php"
                ]
            },
            "notification-url": "https://packagist.org/downloads/",
            "license": [
                "MIT"
            ],
            "authors": [
                {
                    "name": "Scott Walkinshaw",
                    "email": "scott.walkinshaw@gmail.com",
                    "homepage": "https://github.com/swalkinshaw"
                },
                {
                    "name": "qwp6t",
                    "homepage": "https://github.com/qwp6t"
                },
                {
                    "name": "Jan Pingel",
                    "email": "jpingel@bitpiston.com",
                    "homepage": "http://janpingel.com"
                }
            ],
            "description": "WordPress plugin which replaces wp_hash_password and wp_check_password's phpass hasher with PHP 5.5's password_hash and password_verify using bcrypt.",
            "homepage": "https://roots.io/plugins/wp-password-bcrypt",
            "keywords": [
                "wordpress wp bcrypt password"
            ],
            "time": "2016-03-01 16:27:06"
        },
        {
            "name": "timber/timber",
            "version": "1.1.0",
            "source": {
                "type": "git",
                "url": "https://github.com/timber/timber.git",
                "reference": "ba39c3824b77e3c4b352f71829e4a314e2af8a43"
            },
            "dist": {
                "type": "zip",
                "url": "https://api.github.com/repos/timber/timber/zipball/ba39c3824b77e3c4b352f71829e4a314e2af8a43",
                "reference": "ba39c3824b77e3c4b352f71829e4a314e2af8a43",
                "shasum": ""
            },
            "require": {
                "asm89/twig-cache-extension": "~1.0",
                "composer/installers": "~1.0",
                "php": ">=5.3.0",
                "twig/twig": "1.*",
                "upstatement/routes": "0.3"
            },
            "require-dev": {
                "jarednova/markdowndocs": "dev-master",
                "phpdocumentor/phpdocumentor": "2.*",
                "phpunit/phpunit": "~4.0",
                "satooshi/php-coveralls": "1.0.*",
                "wpackagist-plugin/advanced-custom-fields": "4.*"
            },
            "type": "library",
            "autoload": {
                "psr-4": {
                    "Timber\\": "lib/"
                }
            },
            "notification-url": "https://packagist.org/downloads/",
            "license": [
                "MIT"
            ],
            "authors": [
                {
                    "name": "Jared Novack",
                    "email": "jared@upstatement.com",
                    "homepage": "http://upstatement.com"
                },
                {
                    "name": "Connor J. Burton",
                    "email": "connorjburton@gmail.com",
                    "homepage": "http://connorburton.com"
                }
            ],
            "description": "Plugin to write WordPress themes w Object-Oriented Code and the Twig Template Engine",
            "homepage": "http://timber.upstatement.com",
            "keywords": [
                "templating",
                "themes",
                "timber",
                "twig"
            ],
            "time": "2016-07-05 23:33:53"
        },
        {
            "name": "trendwerk/credits",
            "version": "0.1.0",
            "source": {
                "type": "git",
                "url": "https://github.com/trendwerk/credits.git",
                "reference": "04b7cab4855412cafb8110e235597f0effe6d3ad"
            },
            "dist": {
                "type": "zip",
                "url": "https://api.github.com/repos/trendwerk/credits/zipball/04b7cab4855412cafb8110e235597f0effe6d3ad",
                "reference": "04b7cab4855412cafb8110e235597f0effe6d3ad",
                "shasum": ""
            },
            "require": {
                "composer/installers": "v1.0.19",
                "php": ">=5.4"
            },
            "type": "wordpress-muplugin",
            "notification-url": "https://packagist.org/downloads/",
            "license": [
                "GPL-2.0+"
            ],
            "authors": [
                {
                    "name": "Sjoerd Boerrigter",
                    "email": "sjoerd@trendwerk.nl"
                }
            ],
            "description": "Adds a metatag to credit the developer (Trendwerk).",
            "time": "2016-04-14 16:33:33"
        },
        {
            "name": "trendwerk/editor-capabilities",
            "version": "1.0.0",
            "source": {
                "type": "git",
                "url": "https://github.com/trendwerk/editor-capabilities.git",
                "reference": "181253f6fc10f616b9f6ae6ffb7c06cb5b8e59ac"
            },
            "dist": {
                "type": "zip",
                "url": "https://api.github.com/repos/trendwerk/editor-capabilities/zipball/181253f6fc10f616b9f6ae6ffb7c06cb5b8e59ac",
                "reference": "181253f6fc10f616b9f6ae6ffb7c06cb5b8e59ac",
                "shasum": ""
            },
            "require": {
                "composer/installers": "v1.0.19",
                "php": ">=5.4"
            },
            "type": "wordpress-muplugin",
            "notification-url": "https://packagist.org/downloads/",
            "license": [
                "GPL-2.0+"
            ],
            "authors": [
                {
                    "name": "Harold Angenent",
                    "email": "harold@trendwerk.nl"
                }
            ],
            "description": "Sets up the editor role a bit different. Made for WordPress.",
            "time": "2015-01-30 12:24:18"
        },
        {
            "name": "trendwerk/post-type-menu-highlight",
            "version": "1.1.4",
            "source": {
                "type": "git",
                "url": "https://github.com/trendwerk/post-type-menu-highlight.git",
                "reference": "b612156ebe84a0f5fab317134cc32997e157dcda"
            },
            "dist": {
                "type": "zip",
                "url": "https://api.github.com/repos/trendwerk/post-type-menu-highlight/zipball/b612156ebe84a0f5fab317134cc32997e157dcda",
                "reference": "b612156ebe84a0f5fab317134cc32997e157dcda",
                "shasum": ""
            },
            "require": {
                "composer/installers": "v1.0.19",
                "php": ">=5.4"
            },
            "type": "wordpress-muplugin",
            "notification-url": "https://packagist.org/downloads/",
            "license": [
                "GPL-2.0+"
            ],
            "authors": [
                {
                    "name": "Harold Angenent",
                    "email": "harold@trendwerk.nl"
                }
            ],
            "description": "Fixes classes in main menu. Made for WordPress.",
            "time": "2015-11-30 16:10:20"
        },
        {
            "name": "twig/twig",
            "version": "v1.24.1",
            "source": {
                "type": "git",
                "url": "https://github.com/twigphp/Twig.git",
                "reference": "3566d311a92aae4deec6e48682dc5a4528c4a512"
            },
            "dist": {
                "type": "zip",
                "url": "https://api.github.com/repos/twigphp/Twig/zipball/3566d311a92aae4deec6e48682dc5a4528c4a512",
                "reference": "3566d311a92aae4deec6e48682dc5a4528c4a512",
                "shasum": ""
            },
            "require": {
                "php": ">=5.2.7"
            },
            "require-dev": {
                "symfony/debug": "~2.7",
                "symfony/phpunit-bridge": "~2.7"
            },
            "type": "library",
            "extra": {
                "branch-alias": {
                    "dev-master": "1.24-dev"
                }
            },
            "autoload": {
                "psr-0": {
                    "Twig_": "lib/"
                }
            },
            "notification-url": "https://packagist.org/downloads/",
            "license": [
                "BSD-3-Clause"
            ],
            "authors": [
                {
                    "name": "Fabien Potencier",
                    "email": "fabien@symfony.com",
                    "homepage": "http://fabien.potencier.org",
                    "role": "Lead Developer"
                },
                {
                    "name": "Armin Ronacher",
                    "email": "armin.ronacher@active-4.com",
                    "role": "Project Founder"
                },
                {
                    "name": "Twig Team",
                    "homepage": "http://twig.sensiolabs.org/contributors",
                    "role": "Contributors"
                }
            ],
            "description": "Twig, the flexible, fast, and secure template language for PHP",
            "homepage": "http://twig.sensiolabs.org",
            "keywords": [
                "templating"
            ],
            "time": "2016-05-30 09:11:59"
        },
        {
            "name": "upstatement/routes",
            "version": "0.3",
            "source": {
                "type": "git",
                "url": "https://github.com/Upstatement/routes.git",
                "reference": "40d003b69c0f5c52fb4b15e5d1fa4d5c522c9475"
            },
            "dist": {
                "type": "zip",
                "url": "https://api.github.com/repos/Upstatement/routes/zipball/40d003b69c0f5c52fb4b15e5d1fa4d5c522c9475",
                "reference": "40d003b69c0f5c52fb4b15e5d1fa4d5c522c9475",
                "shasum": ""
            },
            "require": {
                "altorouter/altorouter": "1.1.0",
                "composer/installers": "~1.0",
                "php": ">=5.3.0"
            },
            "require-dev": {
                "phpunit/phpunit": "3.7.*",
                "satooshi/php-coveralls": "dev-master",
                "wp-cli/wp-cli": "*"
            },
            "type": "library",
            "autoload": {
                "psr-0": {
                    "Routes": ""
                }
            },
            "notification-url": "https://packagist.org/downloads/",
            "license": [
                "MIT"
            ],
            "authors": [
                {
                    "name": "Jared Novack",
                    "email": "jared@upstatement.com",
                    "homepage": "http://upstatement.com"
                }
            ],
            "description": "Manage rewrites and routes in WordPress with this dead-simple plugin",
            "homepage": "http://routes.upstatement.com",
            "keywords": [
                "redirects",
                "rewrite",
                "routes",
                "routing"
            ],
            "time": "2015-03-07 13:41:29"
        },
        {
            "name": "vlucas/phpdotenv",
            "version": "v2.3.0",
            "source": {
                "type": "git",
                "url": "https://github.com/vlucas/phpdotenv.git",
                "reference": "9ca5644c536654e9509b9d257f53c58630eb2a6a"
            },
            "dist": {
                "type": "zip",
                "url": "https://api.github.com/repos/vlucas/phpdotenv/zipball/9ca5644c536654e9509b9d257f53c58630eb2a6a",
                "reference": "9ca5644c536654e9509b9d257f53c58630eb2a6a",
                "shasum": ""
            },
            "require": {
                "php": ">=5.3.9"
            },
            "require-dev": {
                "phpunit/phpunit": "^4.8 || ^5.0"
            },
            "type": "library",
            "extra": {
                "branch-alias": {
                    "dev-master": "2.3-dev"
                }
            },
            "autoload": {
                "psr-4": {
                    "Dotenv\\": "src/"
                }
            },
            "notification-url": "https://packagist.org/downloads/",
            "license": [
                "BSD-3-Clause-Attribution"
            ],
            "authors": [
                {
                    "name": "Vance Lucas",
                    "email": "vance@vancelucas.com",
                    "homepage": "http://www.vancelucas.com"
                }
            ],
            "description": "Loads environment variables from `.env` to `getenv()`, `$_ENV` and `$_SERVER` automagically.",
            "keywords": [
                "dotenv",
                "env",
                "environment"
            ],
            "time": "2016-06-14 14:14:52"
        },
        {
            "name": "wpackagist-plugin/limit-login-attempts",
            "version": "1.7.1",
            "source": {
                "type": "svn",
                "url": "https://plugins.svn.wordpress.org/limit-login-attempts/",
                "reference": "tags/1.7.1"
            },
            "dist": {
                "type": "zip",
                "url": "https://downloads.wordpress.org/plugin/limit-login-attempts.1.7.1.zip",
                "reference": null,
                "shasum": null
            },
            "require": {
                "composer/installers": "~1.0"
            },
            "type": "wordpress-plugin",
            "homepage": "https://wordpress.org/plugins/limit-login-attempts/"
        }
    ],
    "packages-dev": [
        {
            "name": "squizlabs/php_codesniffer",
            "version": "2.6.1",
            "source": {
                "type": "git",
                "url": "https://github.com/squizlabs/PHP_CodeSniffer.git",
                "reference": "fb72ed32f8418db5e7770be1653e62e0d6f5dd3d"
            },
            "dist": {
                "type": "zip",
                "url": "https://api.github.com/repos/squizlabs/PHP_CodeSniffer/zipball/fb72ed32f8418db5e7770be1653e62e0d6f5dd3d",
                "reference": "fb72ed32f8418db5e7770be1653e62e0d6f5dd3d",
                "shasum": ""
            },
            "require": {
                "ext-simplexml": "*",
                "ext-tokenizer": "*",
                "ext-xmlwriter": "*",
                "php": ">=5.1.2"
            },
            "require-dev": {
                "phpunit/phpunit": "~4.0"
            },
            "bin": [
                "scripts/phpcs",
                "scripts/phpcbf"
            ],
            "type": "library",
            "extra": {
                "branch-alias": {
                    "dev-master": "2.x-dev"
                }
            },
            "autoload": {
                "classmap": [
                    "CodeSniffer.php",
                    "CodeSniffer/CLI.php",
                    "CodeSniffer/Exception.php",
                    "CodeSniffer/File.php",
                    "CodeSniffer/Fixer.php",
                    "CodeSniffer/Report.php",
                    "CodeSniffer/Reporting.php",
                    "CodeSniffer/Sniff.php",
                    "CodeSniffer/Tokens.php",
                    "CodeSniffer/Reports/",
                    "CodeSniffer/Tokenizers/",
                    "CodeSniffer/DocGenerators/",
                    "CodeSniffer/Standards/AbstractPatternSniff.php",
                    "CodeSniffer/Standards/AbstractScopeSniff.php",
                    "CodeSniffer/Standards/AbstractVariableSniff.php",
                    "CodeSniffer/Standards/IncorrectPatternException.php",
                    "CodeSniffer/Standards/Generic/Sniffs/",
                    "CodeSniffer/Standards/MySource/Sniffs/",
                    "CodeSniffer/Standards/PEAR/Sniffs/",
                    "CodeSniffer/Standards/PSR1/Sniffs/",
                    "CodeSniffer/Standards/PSR2/Sniffs/",
                    "CodeSniffer/Standards/Squiz/Sniffs/",
                    "CodeSniffer/Standards/Zend/Sniffs/"
                ]
            },
            "notification-url": "https://packagist.org/downloads/",
            "license": [
                "BSD-3-Clause"
            ],
            "authors": [
                {
                    "name": "Greg Sherwood",
                    "role": "lead"
                }
            ],
            "description": "PHP_CodeSniffer tokenizes PHP, JavaScript and CSS files and detects violations of a defined set of coding standards.",
            "homepage": "http://www.squizlabs.com/php-codesniffer",
            "keywords": [
                "phpcs",
                "standards"
            ],
            "time": "2016-05-30 22:24:32"
        },
        {
            "name": "trendwerk/debug",
            "version": "1.0.1",
            "source": {
                "type": "git",
                "url": "https://github.com/trendwerk/debug.git",
                "reference": "c1fc32c1b69512c41ee73ceef1b275b229675933"
            },
            "dist": {
                "type": "zip",
                "url": "https://api.github.com/repos/trendwerk/debug/zipball/c1fc32c1b69512c41ee73ceef1b275b229675933",
                "reference": "c1fc32c1b69512c41ee73ceef1b275b229675933",
                "shasum": ""
            },
            "require": {
                "composer/installers": "v1.0.19",
                "php": ">=5.4",
                "wpackagist-plugin/debug-bar": "~0.8",
                "wpackagist-plugin/debug-bar-slow-actions": "~0.8",
                "wpackagist-plugin/kint-debugger": "~0.3"
            },
            "type": "wordpress-muplugin",
            "notification-url": "https://packagist.org/downloads/",
            "license": [
                "GPL-2.0+"
            ],
            "authors": [
                {
                    "name": "Harold Angenent",
                    "email": "harold@trendwerk.nl"
                }
            ],
            "description": "Debug tools for WordPress.",
            "time": "2016-05-12 13:14:50"
        },
        {
            "name": "trendwerk/dev-mail",
            "version": "1.0.1",
            "source": {
                "type": "git",
                "url": "https://github.com/trendwerk/dev-mail.git",
                "reference": "cec816274fca5aee5f80b8dd71f2c4fb4502bf24"
            },
            "dist": {
                "type": "zip",
                "url": "https://api.github.com/repos/trendwerk/dev-mail/zipball/cec816274fca5aee5f80b8dd71f2c4fb4502bf24",
                "reference": "cec816274fca5aee5f80b8dd71f2c4fb4502bf24",
                "shasum": ""
            },
            "require": {
                "composer/installers": "v1.0.19",
                "php": ">=5.4"
            },
            "type": "wordpress-muplugin",
            "notification-url": "https://packagist.org/downloads/",
            "license": [
                "GPL-2.0+"
            ],
            "authors": [
                {
                    "name": "Harold Angenent",
                    "email": "harold@trendwerk.nl"
                }
            ],
            "description": "Redirect all mails on development and staging environments. Made for WordPress.",
            "time": "2015-01-30 15:18:19"
        },
        {
            "name": "trendwerk/dev-uploads",
            "version": "1.0.3",
            "source": {
                "type": "git",
                "url": "https://github.com/trendwerk/dev-uploads.git",
                "reference": "9a55953c3d5718464d467c96484848db327ac60e"
            },
            "dist": {
                "type": "zip",
                "url": "https://api.github.com/repos/trendwerk/dev-uploads/zipball/9a55953c3d5718464d467c96484848db327ac60e",
                "reference": "9a55953c3d5718464d467c96484848db327ac60e",
                "shasum": ""
            },
            "require": {
                "composer/installers": "v1.0.19",
                "php": ">=5.4"
            },
            "type": "wordpress-muplugin",
            "notification-url": "https://packagist.org/downloads/",
            "license": [
                "GPL-2.0+"
            ],
            "authors": [
                {
                    "name": "Harold Angenent",
                    "email": "harold@trendwerk.nl"
                }
            ],
            "description": "Placeholder images for development and staging environments. Made for WordPress.",
            "time": "2015-04-16 12:37:54"
        },
        {
            "name": "wpackagist-plugin/debug-bar",
            "version": "0.8.4",
            "source": {
                "type": "svn",
                "url": "https://plugins.svn.wordpress.org/debug-bar/",
                "reference": "tags/0.8.4"
            },
            "dist": {
                "type": "zip",
                "url": "https://downloads.wordpress.org/plugin/debug-bar.0.8.4.zip",
                "reference": null,
                "shasum": null
            },
            "require": {
                "composer/installers": "~1.0"
            },
            "type": "wordpress-plugin",
            "homepage": "https://wordpress.org/plugins/debug-bar/"
        },
        {
            "name": "wpackagist-plugin/debug-bar-slow-actions",
            "version": "0.8.3",
            "source": {
                "type": "svn",
                "url": "https://plugins.svn.wordpress.org/debug-bar-slow-actions/",
                "reference": "tags/0.8.3"
            },
            "dist": {
                "type": "zip",
                "url": "https://downloads.wordpress.org/plugin/debug-bar-slow-actions.0.8.3.zip",
                "reference": null,
                "shasum": null
            },
            "require": {
                "composer/installers": "~1.0"
            },
            "type": "wordpress-plugin",
            "homepage": "https://wordpress.org/plugins/debug-bar-slow-actions/"
        },
        {
            "name": "wpackagist-plugin/kint-debugger",
            "version": "0.3",
            "source": {
                "type": "svn",
                "url": "https://plugins.svn.wordpress.org/kint-debugger/",
                "reference": "tags/0.3"
            },
            "dist": {
                "type": "zip",
                "url": "https://downloads.wordpress.org/plugin/kint-debugger.0.3.zip",
                "reference": null,
                "shasum": null
            },
            "require": {
                "composer/installers": "~1.0"
            },
            "type": "wordpress-plugin",
            "homepage": "https://wordpress.org/plugins/kint-debugger/"
        }
    ],
    "aliases": [],
    "minimum-stability": "stable",
    "stability-flags": [],
    "prefer-stable": false,
    "prefer-lowest": false,
    "platform": {
        "php": ">=5.5"
    },
    "platform-dev": []
}
